
Microsoft Visual Studio Solution File, Format Version 12.00
# Visual Studio Version 17
VisualStudioVersion = 17.8.34322.80
MinimumVisualStudioVersion = 10.0.40219.1
Project("{FAE04EC0-301F-11D3-BF4B-00C04F79EFBC}") = "Geldautomaat_EvD", "Geldautomaat_EvD.csproj", "{0DCBEC83-E3FF-4D84-B33E-3C5E0A0D0A88}"
EndProject
Global
	GlobalSection(SolutionConfigurationPlatforms) = preSolution
		Debug|Any CPU = Debug|Any CPU
		Release|Any CPU = Release|Any CPU
	EndGlobalSection
	GlobalSection(ProjectConfigurationPlatforms) = postSolution
		{0DCBEC83-E3FF-4D84-B33E-3C5E0A0D0A88}.Debug|Any CPU.ActiveCfg = Debug|Any CPU
		{0DCBEC83-E3FF-4D84-B33E-3C5E0A0D0A88}.Debug|Any CPU.Build.0 = Debug|Any CPU
		{0DCBEC83-E3FF-4D84-B33E-3C5E0A0D0A88}.Release|Any CPU.ActiveCfg = Release|Any CPU
		{0DCBEC83-E3FF-4D84-B33E-3C5E0A0D0A88}.Release|Any CPU.Build.0 = Release|Any CPU
	EndGlobalSection
	GlobalSection(SolutionProperties) = preSolution
		HideSolutionNode = FALSE
	EndGlobalSection
	GlobalSection(ExtensibilityGlobals) = postSolution
		SolutionGuid = {9537D121-72FC-4FA3-9C59-C38D658286C4}
	EndGlobalSection
EndGlobal
